
Microsoft Visual Studio Solution File, Format Version 12.00
# Visual Studio Version 16
VisualStudioVersion = 16.0.29215.179
MinimumVisualStudioVersion = 10.0.40219.1
Project("{FAE04EC0-301F-11D3-BF4B-00C04F79EFBC}") = "TicTacToe", "TicTacToe\TicTacToe.csproj", "{9424DA08-F4BF-45DD-8B9F-B52D3B8AC1D9}"
EndProject
Global
	GlobalSection(SolutionConfigurationPlatforms) = preSolution
		Debug|Any CPU = Debug|Any CPU
		Release|Any CPU = Release|Any CPU
	EndGlobalSection
	GlobalSection(ProjectConfigurationPlatforms) = postSolution
		{9424DA08-F4BF-45DD-8B9F-B52D3B8AC1D9}.Debug|Any CPU.ActiveCfg = Debug|Any CPU
		{9424DA08-F4BF-45DD-8B9F-B52D3B8AC1D9}.Debug|Any CPU.Build.0 = Debug|Any CPU
		{9424DA08-F4BF-45DD-8B9F-B52D3B8AC1D9}.Release|Any CPU.ActiveCfg = Release|Any CPU
		{9424DA08-F4BF-45DD-8B9F-B52D3B8AC1D9}.Release|Any CPU.Build.0 = Release|Any CPU
	EndGlobalSection
	GlobalSection(SolutionProperties) = preSolution
		HideSolutionNode = FALSE
	EndGlobalSection
	GlobalSection(ExtensibilityGlobals) = postSolution
		SolutionGuid = {4F24EB30-636F-4E82-9FBB-D7AED547FBA4}
	EndGlobalSection
EndGlobal
